
Microsoft Visual Studio Solution File, Format Version 12.00
# Visual Studio 14
VisualStudioVersion = 14.0.25420.1
MinimumVisualStudioVersion = 10.0.40219.1
Project("{8BC9CEB8-8B4A-11D0-8D11-00A0C91BC942}") = "RE", "RE.vcxproj", "{49FB9721-3360-4CA1-A129-D7B96A4F0115}"
EndProject
Project("{8BC9CEB8-8B4A-11D0-8D11-00A0C91BC942}") = "RE_UnitTest", "RE_UnitTest\RE_UnitTest.vcxproj", "{018842AD-01B9-4540-89E7-2E21A07BE5F8}"
EndProject
Global
	GlobalSection(SolutionConfigurationPlatforms) = preSolution
		Debug|x64 = Debug|x64
		Debug|x86 = Debug|x86
		Release|x64 = Release|x64
		Release|x86 = Release|x86
	EndGlobalSection
	GlobalSection(ProjectConfigurationPlatforms) = postSolution
		{49FB9721-3360-4CA1-A129-D7B96A4F0115}.Debug|x64.ActiveCfg = Debug|x64
		{49FB9721-3360-4CA1-A129-D7B96A4F0115}.Debug|x64.Build.0 = Debug|x64
		{49FB9721-3360-4CA1-A129-D7B96A4F0115}.Debug|x86.ActiveCfg = Debug|Win32
		{49FB9721-3360-4CA1-A129-D7B96A4F0115}.Debug|x86.Build.0 = Debug|Win32
		{49FB9721-3360-4CA1-A129-D7B96A4F0115}.Release|x64.ActiveCfg = Release|x64
		{49FB9721-3360-4CA1-A129-D7B96A4F0115}.Release|x64.Build.0 = Release|x64
		{49FB9721-3360-4CA1-A129-D7B96A4F0115}.Release|x86.ActiveCfg = Release|Win32
		{49FB9721-3360-4CA1-A129-D7B96A4F0115}.Release|x86.Build.0 = Release|Win32
		{018842AD-01B9-4540-89E7-2E21A07BE5F8}.Debug|x64.ActiveCfg = Debug|x64
		{018842AD-01B9-4540-89E7-2E21A07BE5F8}.Debug|x64.Build.0 = Debug|x64
		{018842AD-01B9-4540-89E7-2E21A07BE5F8}.Debug|x86.ActiveCfg = Debug|Win32
		{018842AD-01B9-4540-89E7-2E21A07BE5F8}.Debug|x86.Build.0 = Debug|Win32
		{018842AD-01B9-4540-89E7-2E21A07BE5F8}.Release|x64.ActiveCfg = Release|x64
		{018842AD-01B9-4540-89E7-2E21A07BE5F8}.Release|x64.Build.0 = Release|x64
		{018842AD-01B9-4540-89E7-2E21A07BE5F8}.Release|x86.ActiveCfg = Release|Win32
		{018842AD-01B9-4540-89E7-2E21A07BE5F8}.Release|x86.Build.0 = Release|Win32
	EndGlobalSection
	GlobalSection(SolutionProperties) = preSolution
		HideSolutionNode = FALSE
	EndGlobalSection
EndGlobal
